
Microsoft Visual Studio Solution File, Format Version 12.00
# Visual Studio Version 16
VisualStudioVersion = 16.0.29806.167
MinimumVisualStudioVersion = 10.0.40219.1
Project("{9A19103F-16F7-4668-BE54-9A1E7A4F7556}") = "CSharpEFConsole", "CSharpAndEntityFramework\CSharpEFConsole.csproj", "{C8FF9EB2-BCD4-45E9-AC36-290D6D5F335E}"
EndProject
Project("{9A19103F-16F7-4668-BE54-9A1E7A4F7556}") = "EFLibrary", "ClassLibrary1\EFLibrary.csproj", "{D0F53C92-2560-4914-BB1A-222C5F931595}"
EndProject
Global
	GlobalSection(SolutionConfigurationPlatforms) = preSolution
		Debug|Any CPU = Debug|Any CPU
		Release|Any CPU = Release|Any CPU
	EndGlobalSection
	GlobalSection(ProjectConfigurationPlatforms) = postSolution
		{C8FF9EB2-BCD4-45E9-AC36-290D6D5F335E}.Debug|Any CPU.ActiveCfg = Debug|Any CPU
		{C8FF9EB2-BCD4-45E9-AC36-290D6D5F335E}.Debug|Any CPU.Build.0 = Debug|Any CPU
		{C8FF9EB2-BCD4-45E9-AC36-290D6D5F335E}.Release|Any CPU.ActiveCfg = Release|Any CPU
		{C8FF9EB2-BCD4-45E9-AC36-290D6D5F335E}.Release|Any CPU.Build.0 = Release|Any CPU
		{D0F53C92-2560-4914-BB1A-222C5F931595}.Debug|Any CPU.ActiveCfg = Debug|Any CPU
		{D0F53C92-2560-4914-BB1A-222C5F931595}.Debug|Any CPU.Build.0 = Debug|Any CPU
		{D0F53C92-2560-4914-BB1A-222C5F931595}.Release|Any CPU.ActiveCfg = Release|Any CPU
		{D0F53C92-2560-4914-BB1A-222C5F931595}.Release|Any CPU.Build.0 = Release|Any CPU
	EndGlobalSection
	GlobalSection(SolutionProperties) = preSolution
		HideSolutionNode = FALSE
	EndGlobalSection
	GlobalSection(ExtensibilityGlobals) = postSolution
		SolutionGuid = {9F7870A7-3747-4EDD-9809-AA61097F7E5E}
	EndGlobalSection
EndGlobal
