
Microsoft Visual Studio Solution File, Format Version 12.00
# Visual Studio Version 16
VisualStudioVersion = 16.0.29806.167
MinimumVisualStudioVersion = 10.0.40219.1
Project("{FAE04EC0-301F-11D3-BF4B-00C04F79EFBC}") = "PRSDatabaseTest", "PRSDatabaseTest\PRSDatabaseTest.csproj", "{BC010209-1A58-4288-9F22-5B0AA3DA9A6C}"
EndProject
Project("{FAE04EC0-301F-11D3-BF4B-00C04F79EFBC}") = "PRSLibrary", "PRSLibrary\PRSLibrary.csproj", "{7935313C-2F8B-4651-843D-1467B533B442}"
EndProject
Global
	GlobalSection(SolutionConfigurationPlatforms) = preSolution
		Debug|Any CPU = Debug|Any CPU
		Release|Any CPU = Release|Any CPU
	EndGlobalSection
	GlobalSection(ProjectConfigurationPlatforms) = postSolution
		{BC010209-1A58-4288-9F22-5B0AA3DA9A6C}.Debug|Any CPU.ActiveCfg = Debug|Any CPU
		{BC010209-1A58-4288-9F22-5B0AA3DA9A6C}.Debug|Any CPU.Build.0 = Debug|Any CPU
		{BC010209-1A58-4288-9F22-5B0AA3DA9A6C}.Release|Any CPU.ActiveCfg = Release|Any CPU
		{BC010209-1A58-4288-9F22-5B0AA3DA9A6C}.Release|Any CPU.Build.0 = Release|Any CPU
		{7935313C-2F8B-4651-843D-1467B533B442}.Debug|Any CPU.ActiveCfg = Debug|Any CPU
		{7935313C-2F8B-4651-843D-1467B533B442}.Debug|Any CPU.Build.0 = Debug|Any CPU
		{7935313C-2F8B-4651-843D-1467B533B442}.Release|Any CPU.ActiveCfg = Release|Any CPU
		{7935313C-2F8B-4651-843D-1467B533B442}.Release|Any CPU.Build.0 = Release|Any CPU
	EndGlobalSection
	GlobalSection(SolutionProperties) = preSolution
		HideSolutionNode = FALSE
	EndGlobalSection
	GlobalSection(ExtensibilityGlobals) = postSolution
		SolutionGuid = {A226C21F-D726-4BE2-AD56-E4504E26AF02}
	EndGlobalSection
EndGlobal
