
Microsoft Visual Studio Solution File, Format Version 12.00
# Visual Studio Version 16
VisualStudioVersion = 16.0.29728.190
MinimumVisualStudioVersion = 10.0.40219.1
Project("{FAE04EC0-301F-11D3-BF4B-00C04F79EFBC}") = "InClassAssignment", "InClassAssignment\InClassAssignment.csproj", "{42196F32-064A-4C54-A6CA-4F6B69783D47}"
EndProject
Global
	GlobalSection(SolutionConfigurationPlatforms) = preSolution
		Debug|Any CPU = Debug|Any CPU
		Release|Any CPU = Release|Any CPU
	EndGlobalSection
	GlobalSection(ProjectConfigurationPlatforms) = postSolution
		{42196F32-064A-4C54-A6CA-4F6B69783D47}.Debug|Any CPU.ActiveCfg = Debug|Any CPU
		{42196F32-064A-4C54-A6CA-4F6B69783D47}.Debug|Any CPU.Build.0 = Debug|Any CPU
		{42196F32-064A-4C54-A6CA-4F6B69783D47}.Release|Any CPU.ActiveCfg = Release|Any CPU
		{42196F32-064A-4C54-A6CA-4F6B69783D47}.Release|Any CPU.Build.0 = Release|Any CPU
	EndGlobalSection
	GlobalSection(SolutionProperties) = preSolution
		HideSolutionNode = FALSE
	EndGlobalSection
	GlobalSection(ExtensibilityGlobals) = postSolution
		SolutionGuid = {45176557-DAA5-498F-B635-2703A511B13C}
	EndGlobalSection
EndGlobal
